
Microsoft Visual Studio Solution File, Format Version 12.00
# Visual Studio Version 17
VisualStudioVersion = 17.5.33530.505
MinimumVisualStudioVersion = 10.0.40219.1
Project("{FAE04EC0-301F-11D3-BF4B-00C04F79EFBC}") = "URPCaptcha", "URPCaptcha\URPCaptcha.csproj", "{E73C859D-54FA-4CBA-8781-1676119ADBE8}"
EndProject
Global
	GlobalSection(SolutionConfigurationPlatforms) = preSolution
		Debug|Any CPU = Debug|Any CPU
		Release|Any CPU = Release|Any CPU
	EndGlobalSection
	GlobalSection(ProjectConfigurationPlatforms) = postSolution
		{E73C859D-54FA-4CBA-8781-1676119ADBE8}.Debug|Any CPU.ActiveCfg = Debug|Any CPU
		{E73C859D-54FA-4CBA-8781-1676119ADBE8}.Debug|Any CPU.Build.0 = Debug|Any CPU
		{E73C859D-54FA-4CBA-8781-1676119ADBE8}.Release|Any CPU.ActiveCfg = Release|Any CPU
		{E73C859D-54FA-4CBA-8781-1676119ADBE8}.Release|Any CPU.Build.0 = Release|Any CPU
	EndGlobalSection
	GlobalSection(SolutionProperties) = preSolution
		HideSolutionNode = FALSE
	EndGlobalSection
	GlobalSection(ExtensibilityGlobals) = postSolution
		SolutionGuid = {1A9EAC6B-B280-412E-A86B-205F2C06B7FE}
	EndGlobalSection
EndGlobal
